# This file is automatically @generated by Cargo.
# It is not intended for manual editing.
version = 4

[[package]]
name = "trace-api-types"
version = "0.1.0"

[[package]]
name = "trace-cli"
version = "0.1.0"
dependencies = [
 "trace-server",
]

[[package]]
name = "trace-events"
version = "0.1.0"

[[package]]
name = "trace-lease"
version = "0.1.0"

[[package]]
name = "trace-normalizer"
version = "0.1.0"
dependencies = [
 "trace-api-types",
]

[[package]]
name = "trace-server"
version = "0.1.0"
dependencies = [
 "trace-api-types",
 "trace-normalizer",
]

[[package]]
name = "trace-store"
version = "0.1.0"
dependencies = [
 "trace-events",
]
